
Microsoft Visual Studio Solution File, Format Version 12.00
# Visual Studio Version 17
VisualStudioVersion = 17.7.34031.279
MinimumVisualStudioVersion = 10.0.40219.1
Project("{D2ABAB84-BF74-430A-B69E-9DC6D40DDA17}") = "olap", "olap\olap.dwproj", "{9CDFFE98-9886-43F6-9D89-DDF4E9EF1C38}"
EndProject
Global
	GlobalSection(SolutionConfigurationPlatforms) = preSolution
		Development|Default = Development|Default
	EndGlobalSection
	GlobalSection(ProjectConfigurationPlatforms) = postSolution
		{9CDFFE98-9886-43F6-9D89-DDF4E9EF1C38}.Development|Default.ActiveCfg = Development
		{9CDFFE98-9886-43F6-9D89-DDF4E9EF1C38}.Development|Default.Build.0 = Development
		{9CDFFE98-9886-43F6-9D89-DDF4E9EF1C38}.Development|Default.Deploy.0 = Development
	EndGlobalSection
	GlobalSection(SolutionProperties) = preSolution
		HideSolutionNode = FALSE
	EndGlobalSection
	GlobalSection(ExtensibilityGlobals) = postSolution
		SolutionGuid = {006A1B20-ED4B-4EB0-B397-25630C343752}
	EndGlobalSection
EndGlobal
