
Microsoft Visual Studio Solution File, Format Version 12.00
# Visual Studio Version 17
VisualStudioVersion = 17.7.34031.279
MinimumVisualStudioVersion = 10.0.40219.1
Project("{D2ABAB84-BF74-430A-B69E-9DC6D40DDA17}") = "dathcube", "dathcube\dathcube.dwproj", "{331395CA-7235-41AE-8513-512736DFB637}"
EndProject
Global
	GlobalSection(SolutionConfigurationPlatforms) = preSolution
		Development|Default = Development|Default
	EndGlobalSection
	GlobalSection(ProjectConfigurationPlatforms) = postSolution
		{331395CA-7235-41AE-8513-512736DFB637}.Development|Default.ActiveCfg = Development
		{331395CA-7235-41AE-8513-512736DFB637}.Development|Default.Build.0 = Development
		{331395CA-7235-41AE-8513-512736DFB637}.Development|Default.Deploy.0 = Development
	EndGlobalSection
	GlobalSection(SolutionProperties) = preSolution
		HideSolutionNode = FALSE
	EndGlobalSection
	GlobalSection(ExtensibilityGlobals) = postSolution
		SolutionGuid = {09D97765-2375-4026-9B31-CD4F97E2B455}
	EndGlobalSection
EndGlobal
